
Microsoft Visual Studio Solution File, Format Version 12.00
# Visual Studio Version 17
VisualStudioVersion = 17.14.36511.14 d17.14
MinimumVisualStudioVersion = 10.0.40219.1
Project("{8BC9CEB8-8B4A-11D0-8D11-00A0C91BC942}") = "Reloj", "Reloj\Reloj.vcxproj", "{DCE84BD8-D57C-461C-8BDE-E09E7F5AC01C}"
EndProject
Project("{FAE04EC0-301F-11D3-BF4B-00C04F79EFBC}") = "MisComponentesLib", "MisComponentesLib\MisComponentesLib.csproj", "{C0BA575C-5247-462F-9CDA-3D9240C1A34C}"
EndProject
Project("{FAE04EC0-301F-11D3-BF4B-00C04F79EFBC}") = "TestRelojDigital", "TestRelojDigital\TestRelojDigital.csproj", "{4B36A9C1-3191-4EB4-BA87-43BEA1DE3814}"
EndProject
Global
	GlobalSection(SolutionConfigurationPlatforms) = preSolution
		Debug|Any CPU = Debug|Any CPU
		Debug|x64 = Debug|x64
		Debug|x86 = Debug|x86
		Release|Any CPU = Release|Any CPU
		Release|x64 = Release|x64
		Release|x86 = Release|x86
	EndGlobalSection
	GlobalSection(ProjectConfigurationPlatforms) = postSolution
		{DCE84BD8-D57C-461C-8BDE-E09E7F5AC01C}.Debug|Any CPU.ActiveCfg = Debug|x64
		{DCE84BD8-D57C-461C-8BDE-E09E7F5AC01C}.Debug|Any CPU.Build.0 = Debug|x64
		{DCE84BD8-D57C-461C-8BDE-E09E7F5AC01C}.Debug|x64.ActiveCfg = Debug|x64
		{DCE84BD8-D57C-461C-8BDE-E09E7F5AC01C}.Debug|x64.Build.0 = Debug|x64
		{DCE84BD8-D57C-461C-8BDE-E09E7F5AC01C}.Debug|x86.ActiveCfg = Debug|Win32
		{DCE84BD8-D57C-461C-8BDE-E09E7F5AC01C}.Debug|x86.Build.0 = Debug|Win32
		{DCE84BD8-D57C-461C-8BDE-E09E7F5AC01C}.Release|Any CPU.ActiveCfg = Release|x64
		{DCE84BD8-D57C-461C-8BDE-E09E7F5AC01C}.Release|Any CPU.Build.0 = Release|x64
		{DCE84BD8-D57C-461C-8BDE-E09E7F5AC01C}.Release|x64.ActiveCfg = Release|x64
		{DCE84BD8-D57C-461C-8BDE-E09E7F5AC01C}.Release|x64.Build.0 = Release|x64
		{DCE84BD8-D57C-461C-8BDE-E09E7F5AC01C}.Release|x86.ActiveCfg = Release|Win32
		{DCE84BD8-D57C-461C-8BDE-E09E7F5AC01C}.Release|x86.Build.0 = Release|Win32
		{C0BA575C-5247-462F-9CDA-3D9240C1A34C}.Debug|Any CPU.ActiveCfg = Debug|Any CPU
		{C0BA575C-5247-462F-9CDA-3D9240C1A34C}.Debug|Any CPU.Build.0 = Debug|Any CPU
		{C0BA575C-5247-462F-9CDA-3D9240C1A34C}.Debug|x64.ActiveCfg = Debug|Any CPU
		{C0BA575C-5247-462F-9CDA-3D9240C1A34C}.Debug|x64.Build.0 = Debug|Any CPU
		{C0BA575C-5247-462F-9CDA-3D9240C1A34C}.Debug|x86.ActiveCfg = Debug|Any CPU
		{C0BA575C-5247-462F-9CDA-3D9240C1A34C}.Debug|x86.Build.0 = Debug|Any CPU
		{C0BA575C-5247-462F-9CDA-3D9240C1A34C}.Release|Any CPU.ActiveCfg = Release|Any CPU
		{C0BA575C-5247-462F-9CDA-3D9240C1A34C}.Release|Any CPU.Build.0 = Release|Any CPU
		{C0BA575C-5247-462F-9CDA-3D9240C1A34C}.Release|x64.ActiveCfg = Release|Any CPU
		{C0BA575C-5247-462F-9CDA-3D9240C1A34C}.Release|x64.Build.0 = Release|Any CPU
		{C0BA575C-5247-462F-9CDA-3D9240C1A34C}.Release|x86.ActiveCfg = Release|Any CPU
		{C0BA575C-5247-462F-9CDA-3D9240C1A34C}.Release|x86.Build.0 = Release|Any CPU
		{4B36A9C1-3191-4EB4-BA87-43BEA1DE3814}.Debug|Any CPU.ActiveCfg = Debug|Any CPU
		{4B36A9C1-3191-4EB4-BA87-43BEA1DE3814}.Debug|Any CPU.Build.0 = Debug|Any CPU
		{4B36A9C1-3191-4EB4-BA87-43BEA1DE3814}.Debug|x64.ActiveCfg = Debug|Any CPU
		{4B36A9C1-3191-4EB4-BA87-43BEA1DE3814}.Debug|x64.Build.0 = Debug|Any CPU
		{4B36A9C1-3191-4EB4-BA87-43BEA1DE3814}.Debug|x86.ActiveCfg = Debug|Any CPU
		{4B36A9C1-3191-4EB4-BA87-43BEA1DE3814}.Debug|x86.Build.0 = Debug|Any CPU
		{4B36A9C1-3191-4EB4-BA87-43BEA1DE3814}.Release|Any CPU.ActiveCfg = Release|Any CPU
		{4B36A9C1-3191-4EB4-BA87-43BEA1DE3814}.Release|Any CPU.Build.0 = Release|Any CPU
		{4B36A9C1-3191-4EB4-BA87-43BEA1DE3814}.Release|x64.ActiveCfg = Release|Any CPU
		{4B36A9C1-3191-4EB4-BA87-43BEA1DE3814}.Release|x64.Build.0 = Release|Any CPU
		{4B36A9C1-3191-4EB4-BA87-43BEA1DE3814}.Release|x86.ActiveCfg = Release|Any CPU
		{4B36A9C1-3191-4EB4-BA87-43BEA1DE3814}.Release|x86.Build.0 = Release|Any CPU
	EndGlobalSection
	GlobalSection(SolutionProperties) = preSolution
		HideSolutionNode = FALSE
	EndGlobalSection
	GlobalSection(ExtensibilityGlobals) = postSolution
		SolutionGuid = {177333C1-ED6B-4EBD-B2C0-ED8CCA519883}
	EndGlobalSection
EndGlobal
